
Microsoft Visual Studio Solution File, Format Version 12.00
# Visual Studio Version 17
VisualStudioVersion = 17.7.34031.279
MinimumVisualStudioVersion = 10.0.40219.1
Project("{9A19103F-16F7-4668-BE54-9A1E7A4F7556}") = "CENDI-admin", "CENDI-admin.csproj", "{64B12B05-2C3F-4E3B-ADBA-548ED174578E}"
EndProject
Project("{2150E333-8FDC-42A3-9474-1A3956D46DE8}") = "Solution Items", "Solution Items", "{038FD3C9-1954-4575-AE04-4A523CE85921}"
	ProjectSection(SolutionItems) = preProject
		.editorconfig = .editorconfig
	EndProjectSection
EndProject
Global
	GlobalSection(SolutionConfigurationPlatforms) = preSolution
		Debug|Any CPU = Debug|Any CPU
		Release|Any CPU = Release|Any CPU
	EndGlobalSection
	GlobalSection(ProjectConfigurationPlatforms) = postSolution
		{64B12B05-2C3F-4E3B-ADBA-548ED174578E}.Debug|Any CPU.ActiveCfg = Debug|Any CPU
		{64B12B05-2C3F-4E3B-ADBA-548ED174578E}.Debug|Any CPU.Build.0 = Debug|Any CPU
		{64B12B05-2C3F-4E3B-ADBA-548ED174578E}.Release|Any CPU.ActiveCfg = Release|Any CPU
		{64B12B05-2C3F-4E3B-ADBA-548ED174578E}.Release|Any CPU.Build.0 = Release|Any CPU
	EndGlobalSection
	GlobalSection(SolutionProperties) = preSolution
		HideSolutionNode = FALSE
	EndGlobalSection
	GlobalSection(ExtensibilityGlobals) = postSolution
		SolutionGuid = {D381DBAB-60D5-4685-BC6D-C200AB06668C}
	EndGlobalSection
EndGlobal
